{
  "name": "first-component",
  "version": "0.0.1",
  "lockfileVersion": 1,
  "requires": true,
  "dependencies": {
    "@stencil/core": {
      "version": "2.0.2",
      "resolved": "https://registry.npmjs.org/@stencil/core/-/core-2.0.2.tgz",
      "integrity": "sha512-3uRDzaa02GmEuBVbGDOzTeZyvvXy51XmoSqhPPi2xiwFxVdXyfGEjSOJRR3yIKgFJYh51wdjkICFRfgoV1C83Q=="
    }
  }
}
